
Microsoft Visual Studio Solution File, Format Version 12.00
# Visual Studio Version 17
VisualStudioVersion = 17.3.32922.545
MinimumVisualStudioVersion = 10.0.40219.1
Project("{FAE04EC0-301F-11D3-BF4B-00C04F79EFBC}") = "EfConstantObjectBug6", "EfConstantObjectBug6\EfConstantObjectBug6.csproj", "{6CF42457-F856-420C-BF46-8AEC139C2828}"
EndProject
Global
	GlobalSection(SolutionConfigurationPlatforms) = preSolution
		Debug|Any CPU = Debug|Any CPU
		Release|Any CPU = Release|Any CPU
	EndGlobalSection
	GlobalSection(ProjectConfigurationPlatforms) = postSolution
		{6CF42457-F856-420C-BF46-8AEC139C2828}.Debug|Any CPU.ActiveCfg = Debug|Any CPU
		{6CF42457-F856-420C-BF46-8AEC139C2828}.Debug|Any CPU.Build.0 = Debug|Any CPU
		{6CF42457-F856-420C-BF46-8AEC139C2828}.Release|Any CPU.ActiveCfg = Release|Any CPU
		{6CF42457-F856-420C-BF46-8AEC139C2828}.Release|Any CPU.Build.0 = Release|Any CPU
	EndGlobalSection
	GlobalSection(SolutionProperties) = preSolution
		HideSolutionNode = FALSE
	EndGlobalSection
	GlobalSection(ExtensibilityGlobals) = postSolution
		SolutionGuid = {0AAF16AE-1939-4CE3-AEA5-D4D286185698}
	EndGlobalSection
EndGlobal
